// !$*UTF8*$!
{
	archiveVersion = 1;
	classes = {
	};
	objectVersion = 55;
	objects = {

/* Begin PBXBuildFile section */
		5083CC21287F38DC0018ED54 /* Data_leakage_detectionApp.swift in Sources */ = {isa = PBXBuildFile; fileRef = 5083CC20287F38DC0018ED54 /* Data_leakage_detectionApp.swift */; };
		5083CC23287F38DC0018ED54 /* HomeView.swift in Sources */ = {isa = PBXBuildFile; fileRef = 5083CC22287F38DC0018ED54 /* HomeView.swift */; };
		5083CC25287F38DD0018ED54 /* Assets.xcassets in Resources */ = {isa = PBXBuildFile; fileRef = 5083CC24287F38DD0018ED54 /* Assets.xcassets */; };
		5083CC28287F38DD0018ED54 /* Preview Assets.xcassets in Resources */ = {isa = PBXBuildFile; fileRef = 5083CC27287F38DD0018ED54 /* Preview Assets.xcassets */; };
		5083CC35287F3D030018ED54 /* ContentModel.swift in Sources */ = {isa = PBXBuildFile; fileRef = 5083CC34287F3D030018ED54 /* ContentModel.swift */; };
		508A7032287FEF1D003B68D4 /* data.json in Resources */ = {isa = PBXBuildFile; fileRef = 508A7030287FEF1D003B68D4 /* data.json */; };
		508A7033287FEF1D003B68D4 /* style.html in Resources */ = {isa = PBXBuildFile; fileRef = 508A7031287FEF1D003B68D4 /* style.html */; };
		508A7035287FEFA0003B68D4 /* Models.swift in Sources */ = {isa = PBXBuildFile; fileRef = 508A7034287FEFA0003B68D4 /* Models.swift */; };
/* End PBXBuildFile section */

/* Begin PBXFileReference section */
		5083CC1D287F38DC0018ED54 /* Data leakage detection.app */ = {isa = PBXFileReference; explicitFileType = wrapper.application; includeInIndex = 0; path = "Data leakage detection.app"; sourceTree = BUILT_PRODUCTS_DIR; };
		5083CC20287F38DC0018ED54 /* Data_leakage_detectionApp.swift */ = {isa = PBXFileReference; lastKnownFileType = sourcecode.swift; path = Data_leakage_detectionApp.swift; sourceTree = "<group>"; };
		5083CC22287F38DC0018ED54 /* HomeView.swift */ = {isa = PBXFileReference; lastKnownFileType = sourcecode.swift; path = HomeView.swift; sourceTree = "<group>"; };
		5083CC24287F38DD0018ED54 /* Assets.xcassets */ = {isa = PBXFileReference; lastKnownFileType = folder.assetcatalog; path = Assets.xcassets; sourceTree = "<group>"; };
		5083CC27287F38DD0018ED54 /* Preview Assets.xcassets */ = {isa = PBXFileReference; lastKnownFileType = folder.assetcatalog; path = "Preview Assets.xcassets"; sourceTree = "<group>"; };
		5083CC34287F3D030018ED54 /* ContentModel.swift */ = {isa = PBXFileReference; lastKnownFileType = sourcecode.swift; path = ContentModel.swift; sourceTree = "<group>"; };
		508A7030287FEF1D003B68D4 /* data.json */ = {isa = PBXFileReference; fileEncoding = 4; lastKnownFileType = text.json; path = data.json; sourceTree = "<group>"; };
		508A7031287FEF1D003B68D4 /* style.html */ = {isa = PBXFileReference; fileEncoding = 4; lastKnownFileType = text.html; path = style.html; sourceTree = "<group>"; };
		508A7034287FEFA0003B68D4 /* Models.swift */ = {isa = PBXFileReference; lastKnownFileType = sourcecode.swift; path = Models.swift; sourceTree = "<group>"; };
/* End PBXFileReference section */

/* Begin PBXFrameworksBuildPhase section */
		5083CC1A287F38DC0018ED54 /* Frameworks */ = {
			isa = PBXFrameworksBuildPhase;
			buildActionMask = 2147483647;
			files = (
			);
			runOnlyForDeploymentPostprocessing = 0;
		};
/* End PBXFrameworksBuildPhase section */

/* Begin PBXGroup section */
		5083CC14287F38DC0018ED54 = {
			isa = PBXGroup;
			children = (
				5083CC1F287F38DC0018ED54 /* Data leakage detection */,
				5083CC1E287F38DC0018ED54 /* Products */,
			);
			sourceTree = "<group>";
		};
		5083CC1E287F38DC0018ED54 /* Products */ = {
			isa = PBXGroup;
			children = (
				5083CC1D287F38DC0018ED54 /* Data leakage detection.app */,
			);
			name = Products;
			sourceTree = "<group>";
		};
		5083CC1F287F38DC0018ED54 /* Data leakage detection */ = {
			isa = PBXGroup;
			children = (
				5083CC20287F38DC0018ED54 /* Data_leakage_detectionApp.swift */,
				5083CC2E287F3A410018ED54 /* Views */,
				5083CC33287F3AD10018ED54 /* ViewModels */,
				5083CC30287F3A660018ED54 /* Models */,
				5083CC31287F3A700018ED54 /* Resources */,
				5083CC32287F3A820018ED54 /* Helpers */,
				5083CC24287F38DD0018ED54 /* Assets.xcassets */,
				5083CC26287F38DD0018ED54 /* Preview Content */,
			);
			path = "Data leakage detection";
			sourceTree = "<group>";
		};
		5083CC26287F38DD0018ED54 /* Preview Content */ = {
			isa = PBXGroup;
			children = (
				5083CC27287F38DD0018ED54 /* Preview Assets.xcassets */,
			);
			path = "Preview Content";
			sourceTree = "<group>";
		};
		5083CC2E287F3A410018ED54 /* Views */ = {
			isa = PBXGroup;
			children = (
				5083CC22287F38DC0018ED54 /* HomeView.swift */,
			);
			path = Views;
			sourceTree = "<group>";
		};
		5083CC30287F3A660018ED54 /* Models */ = {
			isa = PBXGroup;
			children = (
				508A7034287FEFA0003B68D4 /* Models.swift */,
			);
			path = Models;
			sourceTree = "<group>";
		};
		5083CC31287F3A700018ED54 /* Resources */ = {
			isa = PBXGroup;
			children = (
				508A7030287FEF1D003B68D4 /* data.json */,
				508A7031287FEF1D003B68D4 /* style.html */,
			);
			path = Resources;
			sourceTree = "<group>";
		};
		5083CC32287F3A820018ED54 /* Helpers */ = {
			isa = PBXGroup;
			children = (
			);
			path = Helpers;
			sourceTree = "<group>";
		};
		5083CC33287F3AD10018ED54 /* ViewModels */ = {
			isa = PBXGroup;
			children = (
				5083CC34287F3D030018ED54 /* ContentModel.swift */,
			);
			path = ViewModels;
			sourceTree = "<group>";
		};
/* End PBXGroup section */

/* Begin PBXNativeTarget section */
		5083CC1C287F38DC0018ED54 /* Data leakage detection */ = {
			isa = PBXNativeTarget;
			buildConfigurationList = 5083CC2B287F38DD0018ED54 /* Build configuration list for PBXNativeTarget "Data leakage detection" */;
			buildPhases = (
				5083CC19287F38DC0018ED54 /* Sources */,
				5083CC1A287F38DC0018ED54 /* Frameworks */,
				5083CC1B287F38DC0018ED54 /* Resources */,
			);
			buildRules = (
			);
			dependencies = (
			);
			name = "Data leakage detection";
			productName = "Data leakage detection";
			productReference = 5083CC1D287F38DC0018ED54 /* Data leakage detection.app */;
			productType = "com.apple.product-type.application";
		};
/* End PBXNativeTarget section */

/* Begin PBXProject section */
		5083CC15287F38DC0018ED54 /* Project object */ = {
			isa = PBXProject;
			attributes = {
				BuildIndependentTargetsInParallel = 1;
				LastSwiftUpdateCheck = 1340;
				LastUpgradeCheck = 1340;
				TargetAttributes = {
					5083CC1C287F38DC0018ED54 = {
						CreatedOnToolsVersion = 13.4.1;
					};
				};
			};
			buildConfigurationList = 5083CC18287F38DC0018ED54 /* Build configuration list for PBXProject "Data leakage detection" */;
			compatibilityVersion = "Xcode 13.0";
			developmentRegion = en;
			hasScannedForEncodings = 0;
			knownRegions = (
				en,
				Base,
			);
			mainGroup = 5083CC14287F38DC0018ED54;
			productRefGroup = 5083CC1E287F38DC0018ED54 /* Products */;
			projectDirPath = "";
			projectRoot = "";
			targets = (
				5083CC1C287F38DC0018ED54 /* Data leakage detection */,
			);
		};
/* End PBXProject section */

/* Begin PBXResourcesBuildPhase section */
		5083CC1B287F38DC0018ED54 /* Resources */ = {
			isa = PBXResourcesBuildPhase;
			buildActionMask = 2147483647;
			files = (
				5083CC28287F38DD0018ED54 /* Preview Assets.xcassets in Resources */,
				508A7032287FEF1D003B68D4 /* data.json in Resources */,
				508A7033287FEF1D003B68D4 /* style.html in Resources */,
				5083CC25287F38DD0018ED54 /* Assets.xcassets in Resources */,
			);
			runOnlyForDeploymentPostprocessing = 0;
		};
/* End PBXResourcesBuildPhase section */

/* Begin PBXSourcesBuildPhase section */
		5083CC19287F38DC0018ED54 /* Sources */ = {
			isa = PBXSourcesBuildPhase;
			buildActionMask = 2147483647;
			files = (
				5083CC23287F38DC0018ED54 /* HomeView.swift in Sources */,
				5083CC21287F38DC0018ED54 /* Data_leakage_detectionApp.swift in Sources */,
				5083CC35287F3D030018ED54 /* ContentModel.swift in Sources */,
				508A7035287FEFA0003B68D4 /* Models.swift in Sources */,
			);
			runOnlyForDeploymentPostprocessing = 0;
		};
/* End PBXSourcesBuildPhase section */

/* Begin XCBuildConfiguration section */
		5083CC29287F38DD0018ED54 /* Debug */ = {
			isa = XCBuildConfiguration;
			buildSettings = {
				ALWAYS_SEARCH_USER_PATHS = NO;
				CLANG_ANALYZER_NONNULL = YES;
				CLANG_ANALYZER_NUMBER_OBJECT_CONVERSION = YES_AGGRESSIVE;
				CLANG_CXX_LANGUAGE_STANDARD = "gnu++17";
				CLANG_ENABLE_MODULES = YES;
				CLANG_ENABLE_OBJC_ARC = YES;
				CLANG_ENABLE_OBJC_WEAK = YES;
				CLANG_WARN_BLOCK_CAPTURE_AUTORELEASING = YES;
				CLANG_WARN_BOOL_CONVERSION = YES;
				CLANG_WARN_COMMA = YES;
				CLANG_WARN_CONSTANT_CONVERSION = YES;
				CLANG_WARN_DEPRECATED_OBJC_IMPLEMENTATIONS = YES;
				CLANG_WARN_DIRECT_OBJC_ISA_USAGE = YES_ERROR;
				CLANG_WARN_DOCUMENTATION_COMMENTS = YES;
				CLANG_WARN_EMPTY_BODY = YES;
				CLANG_WARN_ENUM_CONVERSION = YES;
				CLANG_WARN_INFINITE_RECURSION = YES;
				CLANG_WARN_INT_CONVERSION = YES;
				CLANG_WARN_NON_LITERAL_NULL_CONVERSION = YES;
				CLANG_WARN_OBJC_IMPLICIT_RETAIN_SELF = YES;
				CLANG_WARN_OBJC_LITERAL_CONVERSION = YES;
				CLANG_WARN_OBJC_ROOT_CLASS = YES_ERROR;
				CLANG_WARN_QUOTED_INCLUDE_IN_FRAMEWORK_HEADER = YES;
				CLANG_WARN_RANGE_LOOP_ANALYSIS = YES;
				CLANG_WARN_STRICT_PROTOTYPES = YES;
				CLANG_WARN_SUSPICIOUS_MOVE = YES;
				CLANG_WARN_UNGUARDED_AVAILABILITY = YES_AGGRESSIVE;
				CLANG_WARN_UNREACHABLE_CODE = YES;
				CLANG_WARN__DUPLICATE_METHOD_MATCH = YES;
				COPY_PHASE_STRIP = NO;
				DEBUG_INFORMATION_FORMAT = dwarf;
				ENABLE_STRICT_OBJC_MSGSEND = YES;
				ENABLE_TESTABILITY = YES;
				GCC_C_LANGUAGE_STANDARD = gnu11;
				GCC_DYNAMIC_NO_PIC = NO;
				GCC_NO_COMMON_BLOCKS = YES;
				GCC_OPTIMIZATION_LEVEL = 0;
				GCC_PREPROCESSOR_DEFINITIONS = (
					"DEBUG=1",
					"$(inherited)",
				);
				GCC_WARN_64_TO_32_BIT_CONVERSION = YES;
				GCC_WARN_ABOUT_RETURN_TYPE = YES_ERROR;
				GCC_WARN_UNDECLARED_SELECTOR = YES;
				GCC_WARN_UNINITIALIZED_AUTOS = YES_AGGRESSIVE;
				GCC_WARN_UNUSED_FUNCTION = YES;
				GCC_WARN_UNUSED_VARIABLE = YES;
				IPHONEOS_DEPLOYMENT_TARGET = 15.5;
				MTL_ENABLE_DEBUG_INFO = INCLUDE_SOURCE;
				MTL_FAST_MATH = YES;
				ONLY_ACTIVE_ARCH = YES;
				SDKROOT = iphoneos;
				SWIFT_ACTIVE_COMPILATION_CONDITIONS = DEBUG;
				SWIFT_OPTIMIZATION_LEVEL = "-Onone";
			};
			name = Debug;
		};
		5083CC2A287F38DD0018ED54 /* Release */ = {
			isa = XCBuildConfiguration;
			buildSettings = {
				ALWAYS_SEARCH_USER_PATHS = NO;
				CLANG_ANALYZER_NONNULL = YES;
				CLANG_ANALYZER_NUMBER_OBJECT_CONVERSION = YES_AGGRESSIVE;
				CLANG_CXX_LANGUAGE_STANDARD = "gnu++17";
				CLANG_ENABLE_MODULES = YES;
				CLANG_ENABLE_OBJC_ARC = YES;
				CLANG_ENABLE_OBJC_WEAK = YES;
				CLANG_WARN_BLOCK_CAPTURE_AUTORELEASING = YES;
				CLANG_WARN_BOOL_CONVERSION = YES;
				CLANG_WARN_COMMA = YES;
				CLANG_WARN_CONSTANT_CONVERSION = YES;
				CLANG_WARN_DEPRECATED_OBJC_IMPLEMENTATIONS = YES;
				CLANG_WARN_DIRECT_OBJC_ISA_USAGE = YES_ERROR;
				CLANG_WARN_DOCUMENTATION_COMMENTS = YES;
				CLANG_WARN_EMPTY_BODY = YES;
				CLANG_WARN_ENUM_CONVERSION = YES;
				CLANG_WARN_INFINITE_RECURSION = YES;
				CLANG_WARN_INT_CONVERSION = YES;
				CLANG_WARN_NON_LITERAL_NULL_CONVERSION = YES;
				CLANG_WARN_OBJC_IMPLICIT_RETAIN_SELF = YES;
				CLANG_WARN_OBJC_LITERAL_CONVERSION = YES;
				CLANG_WARN_OBJC_ROOT_CLASS = YES_ERROR;
				CLANG_WARN_QUOTED_INCLUDE_IN_FRAMEWORK_HEADER = YES;
				CLANG_WARN_RANGE_LOOP_ANALYSIS = YES;
				CLANG_WARN_STRICT_PROTOTYPES = YES;
				CLANG_WARN_SUSPICIOUS_MOVE = YES;
				CLANG_WARN_UNGUARDED_AVAILABILITY = YES_AGGRESSIVE;
				CLANG_WARN_UNREACHABLE_CODE = YES;
				CLANG_WARN__DUPLICATE_METHOD_MATCH = YES;
				COPY_PHASE_STRIP = NO;
				DEBUG_INFORMATION_FORMAT = "dwarf-with-dsym";
				ENABLE_NS_ASSERTIONS = NO;
				ENABLE_STRICT_OBJC_MSGSEND = YES;
				GCC_C_LANGUAGE_STANDARD = gnu11;
				GCC_NO_COMMON_BLOCKS = YES;
				GCC_WARN_64_TO_32_BIT_CONVERSION = YES;
				GCC_WARN_ABOUT_RETURN_TYPE = YES_ERROR;
				GCC_WARN_UNDECLARED_SELECTOR = YES;
				GCC_WARN_UNINITIALIZED_AUTOS = YES_AGGRESSIVE;
				GCC_WARN_UNUSED_FUNCTION = YES;
				GCC_WARN_UNUSED_VARIABLE = YES;
				IPHONEOS_DEPLOYMENT_TARGET = 15.5;
				MTL_ENABLE_DEBUG_INFO = NO;
				MTL_FAST_MATH = YES;
				SDKROOT = iphoneos;
				SWIFT_COMPILATION_MODE = wholemodule;
				SWIFT_OPTIMIZATION_LEVEL = "-O";
				VALIDATE_PRODUCT = YES;
			};
			name = Release;
		};
		5083CC2C287F38DD0018ED54 /* Debug */ = {
			isa = XCBuildConfiguration;
			buildSettings = {
				ASSETCATALOG_COMPILER_APPICON_NAME = AppIcon;
				ASSETCATALOG_COMPILER_GLOBAL_ACCENT_COLOR_NAME = AccentColor;
				CODE_SIGN_STYLE = Automatic;
				CURRENT_PROJECT_VERSION = 1;
				DEVELOPMENT_ASSET_PATHS = "\"Data leakage detection/Preview Content\"";
				DEVELOPMENT_TEAM = NV3Z5NMY9K;
				ENABLE_PREVIEWS = YES;
				GENERATE_INFOPLIST_FILE = YES;
				INFOPLIST_KEY_UIApplicationSceneManifest_Generation = YES;
				INFOPLIST_KEY_UIApplicationSupportsIndirectInputEvents = YES;
				INFOPLIST_KEY_UILaunchScreen_Generation = YES;
				INFOPLIST_KEY_UISupportedInterfaceOrientations_iPad = "UIInterfaceOrientationPortrait UIInterfaceOrientationPortraitUpsideDown UIInterfaceOrientationLandscapeLeft UIInterfaceOrientationLandscapeRight";
				INFOPLIST_KEY_UISupportedInterfaceOrientations_iPhone = "UIInterfaceOrientationPortrait UIInterfaceOrientationLandscapeLeft UIInterfaceOrientationLandscapeRight";
				LD_RUNPATH_SEARCH_PATHS = (
					"$(inherited)",
					"@executable_path/Frameworks",
				);
				MARKETING_VERSION = 1.0;
				PRODUCT_BUNDLE_IDENTIFIER = "Shifa.Data-leakage-detection";
				PRODUCT_NAME = "$(TARGET_NAME)";
				SWIFT_EMIT_LOC_STRINGS = YES;
				SWIFT_VERSION = 5.0;
				TARGETED_DEVICE_FAMILY = "1,2";
			};
			name = Debug;
		};
		5083CC2D287F38DD0018ED54 /* Release */ = {
			isa = XCBuildConfiguration;
			buildSettings = {
				ASSETCATALOG_COMPILER_APPICON_NAME = AppIcon;
				ASSETCATALOG_COMPILER_GLOBAL_ACCENT_COLOR_NAME = AccentColor;
				CODE_SIGN_STYLE = Automatic;
				CURRENT_PROJECT_VERSION = 1;
				DEVELOPMENT_ASSET_PATHS = "\"Data leakage detection/Preview Content\"";
				DEVELOPMENT_TEAM = NV3Z5NMY9K;
				ENABLE_PREVIEWS = YES;
				GENERATE_INFOPLIST_FILE = YES;
				INFOPLIST_KEY_UIApplicationSceneManifest_Generation = YES;
				INFOPLIST_KEY_UIApplicationSupportsIndirectInputEvents = YES;
				INFOPLIST_KEY_UILaunchScreen_Generation = YES;
				INFOPLIST_KEY_UISupportedInterfaceOrientations_iPad = "UIInterfaceOrientationPortrait UIInterfaceOrientationPortraitUpsideDown UIInterfaceOrientationLandscapeLeft UIInterfaceOrientationLandscapeRight";
				INFOPLIST_KEY_UISupportedInterfaceOrientations_iPhone = "UIInterfaceOrientationPortrait UIInterfaceOrientationLandscapeLeft UIInterfaceOrientationLandscapeRight";
				LD_RUNPATH_SEARCH_PATHS = (
					"$(inherited)",
					"@executable_path/Frameworks",
				);
				MARKETING_VERSION = 1.0;
				PRODUCT_BUNDLE_IDENTIFIER = "Shifa.Data-leakage-detection";
				PRODUCT_NAME = "$(TARGET_NAME)";
				SWIFT_EMIT_LOC_STRINGS = YES;
				SWIFT_VERSION = 5.0;
				TARGETED_DEVICE_FAMILY = "1,2";
			};
			name = Release;
		};
/* End XCBuildConfiguration section */

/* Begin XCConfigurationList section */
		5083CC18287F38DC0018ED54 /* Build configuration list for PBXProject "Data leakage detection" */ = {
			isa = XCConfigurationList;
			buildConfigurations = (
				5083CC29287F38DD0018ED54 /* Debug */,
				5083CC2A287F38DD0018ED54 /* Release */,
			);
			defaultConfigurationIsVisible = 0;
			defaultConfigurationName = Release;
		};
		5083CC2B287F38DD0018ED54 /* Build configuration list for PBXNativeTarget "Data leakage detection" */ = {
			isa = XCConfigurationList;
			buildConfigurations = (
				5083CC2C287F38DD0018ED54 /* Debug */,
				5083CC2D287F38DD0018ED54 /* Release */,
			);
			defaultConfigurationIsVisible = 0;
			defaultConfigurationName = Release;
		};
/* End XCConfigurationList section */
	};
	rootObject = 5083CC15287F38DC0018ED54 /* Project object */;
}
